<?xml version="1.0" encoding="utf-8"?>
<Project ToolsVersion="4.0" xmlns="http://schemas.microsoft.com/developer/msbuild/2003">
  <ItemGroup>
    <Filter Include="Source files">
      <UniqueIdentifier>{03f8b56d-78b4-4ab4-b4f3-ea70af745037}</UniqueIdentifier>
      <Extensions>cpp;c;cc;cxx;def;odl;idl;hpj;bat;asm;asmx</Extensions>
    </Filter>
    <Filter Include="Resource files">
      <UniqueIdentifier>{ef68491d-0f60-4af2-940c-4f1a959ade60}</UniqueIdentifier>
      <Extensions>rc;ico;cur;bmp;dlg;rc2;rct;bin;rgs;gif;jpg;jpeg;jpe;resx;tiff;tif;png;wav</Extensions>
    </Filter>
    <Filter Include="Header files">
      <UniqueIdentifier>{997ed5dd-3084-40c0-9558-74134bc00533}</UniqueIdentifier>
      <Extensions>h;hpp;hxx;hm;inl;inc;xsd</Extensions>
    </Filter>
  </ItemGroup>
  <ItemGroup>
    <None Include="$(ProjectDir)\sources" />
  </ItemGroup>
  <ItemGroup>
    <ResourceCompile Include="user\scanUser.rc">
      <Filter>Resource files</Filter>
    </ResourceCompile>
  </ItemGroup>
  <ItemGroup>
    <ClInclude Include="..\include\md5.h">
      <Filter>Header files</Filter>
    </ClInclude>
    <ClInclude Include="..\include\hashtable.h">
      <Filter>Header files</Filter>
    </ClInclude>
    <ClInclude Include="..\include\scanuk.h">
      <Filter>Header files</Filter>
    </ClInclude>
    <ClInclude Include="protegeDados_userspace.h">
      <Filter>Header files</Filter>
    </ClInclude>
    <ClInclude Include="..\include\protegeDados_userspace_export.h">
      <Filter>Header files</Filter>
    </ClInclude>
  </ItemGroup>
  <ItemGroup>
    <ClCompile Include="service_install.c">
      <Filter>Source files</Filter>
    </ClCompile>
    <ClCompile Include="protegedados_userspace.c">
      <Filter>Source files</Filter>
    </ClCompile>
  </ItemGroup>
</Project>